
Microsoft Visual Studio Solution File, Format Version 12.00
# Visual Studio Version 16
VisualStudioVersion = 16.0.30503.244
MinimumVisualStudioVersion = 10.0.40219.1
Project("{9A19103F-16F7-4668-BE54-9A1E7A4F7556}") = "lrtw", "lrtw\lrtw.csproj", "{FA690532-CB12-43CB-AD82-054C18FFC841}"
EndProject
Project("{FAE04EC0-301F-11D3-BF4B-00C04F79EFBC}") = "MarkdigSyntax", "MarkdigSyntax\MarkdigSyntax.csproj", "{1374AD10-79C7-42DD-8DA2-6E8F9A9837D3}"
EndProject
Global
	GlobalSection(SolutionConfigurationPlatforms) = preSolution
		Debug|Any CPU = Debug|Any CPU
		Release|Any CPU = Release|Any CPU
	EndGlobalSection
	GlobalSection(ProjectConfigurationPlatforms) = postSolution
		{FA690532-CB12-43CB-AD82-054C18FFC841}.Debug|Any CPU.ActiveCfg = Debug|Any CPU
		{FA690532-CB12-43CB-AD82-054C18FFC841}.Debug|Any CPU.Build.0 = Debug|Any CPU
		{FA690532-CB12-43CB-AD82-054C18FFC841}.Release|Any CPU.ActiveCfg = Release|Any CPU
		{FA690532-CB12-43CB-AD82-054C18FFC841}.Release|Any CPU.Build.0 = Release|Any CPU
		{1374AD10-79C7-42DD-8DA2-6E8F9A9837D3}.Debug|Any CPU.ActiveCfg = Debug|Any CPU
		{1374AD10-79C7-42DD-8DA2-6E8F9A9837D3}.Debug|Any CPU.Build.0 = Debug|Any CPU
		{1374AD10-79C7-42DD-8DA2-6E8F9A9837D3}.Release|Any CPU.ActiveCfg = Release|Any CPU
		{1374AD10-79C7-42DD-8DA2-6E8F9A9837D3}.Release|Any CPU.Build.0 = Release|Any CPU
	EndGlobalSection
	GlobalSection(SolutionProperties) = preSolution
		HideSolutionNode = FALSE
	EndGlobalSection
	GlobalSection(ExtensibilityGlobals) = postSolution
		SolutionGuid = {BFE788A9-9842-444C-BBE3-D30AC0ED807C}
	EndGlobalSection
EndGlobal
